
Microsoft Visual Studio Solution File, Format Version 12.00
# Visual Studio Version 16
VisualStudioVersion = 16.0.30002.166
MinimumVisualStudioVersion = 10.0.40219.1
Project("{FAE04EC0-301F-11D3-BF4B-00C04F79EFBC}") = "WebApiCore", "WebApiCore\WebApiCore.csproj", "{34D07EA2-5622-43AE-B170-141E7304D511}"
EndProject
Global
	GlobalSection(SolutionConfigurationPlatforms) = preSolution
		Debug|Any CPU = Debug|Any CPU
		Release|Any CPU = Release|Any CPU
	EndGlobalSection
	GlobalSection(ProjectConfigurationPlatforms) = postSolution
		{34D07EA2-5622-43AE-B170-141E7304D511}.Debug|Any CPU.ActiveCfg = Debug|Any CPU
		{34D07EA2-5622-43AE-B170-141E7304D511}.Debug|Any CPU.Build.0 = Debug|Any CPU
		{34D07EA2-5622-43AE-B170-141E7304D511}.Release|Any CPU.ActiveCfg = Release|Any CPU
		{34D07EA2-5622-43AE-B170-141E7304D511}.Release|Any CPU.Build.0 = Release|Any CPU
	EndGlobalSection
	GlobalSection(SolutionProperties) = preSolution
		HideSolutionNode = FALSE
	EndGlobalSection
	GlobalSection(ExtensibilityGlobals) = postSolution
		SolutionGuid = {8EB8E8DF-9CCC-4192-9A23-6A6D8279A712}
	EndGlobalSection
EndGlobal
